{
    "version": 3,
    "terraform_version": "0.11.1",
    "serial": 122,
    "lineage": "2b7315df-ce9a-41f6-a742-8c248512a5ec",
    "modules": [
        {
            "path": [
                "root"
            ],
            "outputs": {
                "app_external_ip": {
                    "sensitive": false,
                    "type": "string",
                    "value": "35.187.48.175"
                },
                "app_external_ip2": {
                    "sensitive": false,
                    "type": "string",
                    "value": "35.195.14.246"
                },
                "balance_ip": {
                    "sensitive": false,
                    "type": "string",
                    "value": "35.227.235.190"
                }
            },
            "resources": {
                "google_compute_backend_service.default": {
                    "type": "google_compute_backend_service",
                    "depends_on": [
                        "google_compute_health_check.default",
                        "google_compute_instance_group.pumaservers"
                    ],
                    "primary": {
                        "id": "default-backend",
                        "attributes": {
                            "backend.#": "1",
                            "backend.2857469717.balancing_mode": "UTILIZATION",
                            "backend.2857469717.capacity_scaler": "1",
                            "backend.2857469717.description": "",
                            "backend.2857469717.group": "https://www.googleapis.com/compute/v1/projects/clever-overview-188908/zones/europe-west1-d/instanceGroups/puma-group",
                            "backend.2857469717.max_rate": "0",
                            "backend.2857469717.max_rate_per_instance": "0",
                            "backend.2857469717.max_utilization": "0.8",
                            "connection_draining_timeout_sec": "300",
                            "description": "",
                            "enable_cdn": "false",
                            "fingerprint": "yOTrdls0W5I=",
                            "health_checks.#": "1",
                            "health_checks.1595765235": "https://www.googleapis.com/compute/v1/projects/clever-overview-188908/global/healthChecks/default",
                            "id": "default-backend",
                            "name": "default-backend",
                            "port_name": "http",
                            "project": "clever-overview-188908",
                            "protocol": "TCP",
                            "self_link": "https://www.googleapis.com/compute/v1/projects/clever-overview-188908/global/backendServices/default-backend",
                            "session_affinity": "NONE",
                            "timeout_sec": "10"
                        },
                        "meta": {
                            "schema_version": "1"
                        },
                        "tainted": false
                    },
                    "deposed": [],
                    "provider": "provider.google"
                },
                "google_compute_firewall.firewal_puma": {
                    "type": "google_compute_firewall",
                    "depends_on": [],
                    "primary": {
                        "id": "allow-puma-default",
                        "attributes": {
                            "allow.#": "1",
                            "allow.1886006265.ports.#": "1",
                            "allow.1886006265.ports.0": "1883",
                            "allow.1886006265.protocol": "tcp",
                            "deny.#": "0",
                            "description": "",
                            "destination_ranges.#": "0",
                            "id": "allow-puma-default",
                            "name": "allow-puma-default",
                            "network": "https://www.googleapis.com/compute/v1/projects/clever-overview-188908/global/networks/default",
                            "priority": "1000",
                            "project": "clever-overview-188908",
                            "self_link": "https://www.googleapis.com/compute/v1/projects/clever-overview-188908/global/firewalls/allow-puma-default",
                            "source_ranges.#": "1",
                            "source_ranges.1080289494": "0.0.0.0/0",
                            "source_service_accounts.#": "0",
                            "source_tags.#": "0",
                            "target_service_accounts.#": "0",
                            "target_tags.#": "2",
                            "target_tags.2976892845": "reddit-app1",
                            "target_tags.677811735": "reddit-app2"
                        },
                        "meta": {
                            "schema_version": "1"
                        },
                        "tainted": false
                    },
                    "deposed": [],
                    "provider": "provider.google"
                },
                "google_compute_firewall.firewall_ssh": {
                    "type": "google_compute_firewall",
                    "depends_on": [],
                    "primary": {
                        "id": "default-allow-ssh",
                        "attributes": {
                            "allow.#": "1",
                            "allow.803338340.ports.#": "1",
                            "allow.803338340.ports.0": "22",
                            "allow.803338340.protocol": "tcp",
                            "deny.#": "0",
                            "description": "",
                            "destination_ranges.#": "0",
                            "id": "default-allow-ssh",
                            "name": "default-allow-ssh",
                            "network": "https://www.googleapis.com/compute/v1/projects/clever-overview-188908/global/networks/default",
                            "priority": "1000",
                            "project": "clever-overview-188908",
                            "self_link": "https://www.googleapis.com/compute/v1/projects/clever-overview-188908/global/firewalls/default-allow-ssh",
                            "source_ranges.#": "1",
                            "source_ranges.1080289494": "0.0.0.0/0",
                            "source_service_accounts.#": "0",
                            "source_tags.#": "0",
                            "target_service_accounts.#": "0",
                            "target_tags.#": "0"
                        },
                        "meta": {
                            "schema_version": "1"
                        },
                        "tainted": false
                    },
                    "deposed": [],
                    "provider": "provider.google"
                },
                "google_compute_global_address.app_ip": {
                    "type": "google_compute_global_address",
                    "depends_on": [],
                    "primary": {
                        "id": "lb-ip-1",
                        "attributes": {
                            "address": "35.227.235.190",
                            "id": "lb-ip-1",
                            "ip_version": "",
                            "name": "lb-ip-1",
                            "project": "clever-overview-188908",
                            "self_link": "https://www.googleapis.com/compute/v1/projects/clever-overview-188908/global/addresses/lb-ip-1"
                        },
                        "meta": {},
                        "tainted": false
                    },
                    "deposed": [],
                    "provider": "provider.google"
                },
                "google_compute_global_forwarding_rule.default": {
                    "type": "google_compute_global_forwarding_rule",
                    "depends_on": [
                        "google_compute_target_tcp_proxy.default"
                    ],
                    "primary": {
                        "id": "default",
                        "attributes": {
                            "description": "",
                            "id": "default",
                            "ip_address": "35.227.235.190",
                            "ip_protocol": "TCP",
                            "ip_version": "",
                            "label_fingerprint": "",
                            "labels.%": "0",
                            "name": "default",
                            "port_range": "1883-1883",
                            "project": "clever-overview-188908",
                            "self_link": "https://www.googleapis.com/compute/v1/projects/clever-overview-188908/global/forwardingRules/default",
                            "target": "https://www.googleapis.com/compute/v1/projects/clever-overview-188908/global/targetTcpProxies/default"
                        },
                        "meta": {},
                        "tainted": false
                    },
                    "deposed": [],
                    "provider": "provider.google"
                },
                "google_compute_health_check.default": {
                    "type": "google_compute_health_check",
                    "depends_on": [],
                    "primary": {
                        "id": "default",
                        "attributes": {
                            "check_interval_sec": "1",
                            "description": "",
                            "healthy_threshold": "2",
                            "http_health_check.#": "0",
                            "https_health_check.#": "0",
                            "id": "default",
                            "name": "default",
                            "project": "clever-overview-188908",
                            "self_link": "https://www.googleapis.com/compute/v1/projects/clever-overview-188908/global/healthChecks/default",
                            "ssl_health_check.#": "0",
                            "tcp_health_check.#": "1",
                            "tcp_health_check.0.port": "1883",
                            "tcp_health_check.0.proxy_header": "NONE",
                            "tcp_health_check.0.request": "",
                            "tcp_health_check.0.response": "",
                            "timeout_sec": "1",
                            "unhealthy_threshold": "2"
                        },
                        "meta": {},
                        "tainted": false
                    },
                    "deposed": [],
                    "provider": "provider.google"
                },
                "google_compute_instance.app.0": {
                    "type": "google_compute_instance",
                    "depends_on": [],
                    "primary": {
                        "id": "reddit-app1",
                        "attributes": {
                            "attached_disk.#": "0",
                            "boot_disk.#": "1",
                            "boot_disk.0.auto_delete": "true",
                            "boot_disk.0.device_name": "persistent-disk-0",
                            "boot_disk.0.disk_encryption_key_raw": "",
                            "boot_disk.0.disk_encryption_key_sha256": "",
                            "boot_disk.0.initialize_params.#": "1",
                            "boot_disk.0.initialize_params.0.image": "reddit-base",
                            "boot_disk.0.initialize_params.0.size": "0",
                            "boot_disk.0.initialize_params.0.type": "",
                            "boot_disk.0.source": "https://www.googleapis.com/compute/v1/projects/clever-overview-188908/zones/europe-west1-d/disks/reddit-app1",
                            "can_ip_forward": "false",
                            "cpu_platform": "Intel Haswell",
                            "create_timeout": "4",
                            "guest_accelerator.#": "0",
                            "id": "reddit-app1",
                            "instance_id": "3822633273488986479",
                            "label_fingerprint": "42WmSpB8rSM=",
                            "machine_type": "g1-small",
                            "metadata.%": "1",
                            "metadata.sshKeys": "appuser:ssh-rsa AAAAB3NzaC1yc2EAAAADAQABAAABAQDjmqfkxPJVmcuYJtktUrDYGrPSAlP8y8twdteIF+y+kOvuLT5EoRveqkyF7dvNV6ZW9/t8JHeWCLvGj8bSSo1LFAvvtLALHeAD0FPcUoKzHK1hf04Fo0oyczA8DQznrM8muQx4oDmPa9iR5nDeCAiMf54y63zT1Jg7U4+q0g03IpG8mSVkk9rDQzZD9r4KP3Rp3Jw3NWr1lM8KO6m4/4aLMLINUWrasTqBA+cXo9Ts0bW4+J7aokRyuaYxXZlcE2ulGAiyWOr8kqM7qwf34va44JZoNmtzR1yOGdyvle6/aoJNZ5LRcKZyUdEEMkn9GQAM8IPqQwanFiFSkupQKIDF appuser\n ",
                            "metadata_fingerprint": "98wlcsapCME=",
                            "min_cpu_platform": "",
                            "name": "reddit-app1",
                            "network_interface.#": "1",
                            "network_interface.0.access_config.#": "1",
                            "network_interface.0.access_config.0.assigned_nat_ip": "35.187.48.175",
                            "network_interface.0.access_config.0.nat_ip": "35.187.48.175",
                            "network_interface.0.address": "10.132.0.3",
                            "network_interface.0.alias_ip_range.#": "0",
                            "network_interface.0.name": "nic0",
                            "network_interface.0.network": "https://www.googleapis.com/compute/v1/projects/clever-overview-188908/global/networks/default",
                            "network_interface.0.network_ip": "10.132.0.3",
                            "network_interface.0.subnetwork": "https://www.googleapis.com/compute/v1/projects/clever-overview-188908/regions/europe-west1/subnetworks/default",
                            "network_interface.0.subnetwork_project": "clever-overview-188908",
                            "project": "clever-overview-188908",
                            "scheduling.#": "1",
                            "scheduling.0.automatic_restart": "true",
                            "scheduling.0.on_host_maintenance": "MIGRATE",
                            "scheduling.0.preemptible": "false",
                            "scratch_disk.#": "0",
                            "self_link": "https://www.googleapis.com/compute/v1/projects/clever-overview-188908/zones/europe-west1-d/instances/reddit-app1",
                            "service_account.#": "0",
                            "tags.#": "1",
                            "tags.2976892845": "reddit-app1",
                            "tags_fingerprint": "lMgkguBtaIE=",
                            "zone": "europe-west1-d"
                        },
                        "meta": {
                            "schema_version": "6"
                        },
                        "tainted": false
                    },
                    "deposed": [],
                    "provider": "provider.google"
                },
                "google_compute_instance.app.1": {
                    "type": "google_compute_instance",
                    "depends_on": [],
                    "primary": {
                        "id": "reddit-app2",
                        "attributes": {
                            "attached_disk.#": "0",
                            "boot_disk.#": "1",
                            "boot_disk.0.auto_delete": "true",
                            "boot_disk.0.device_name": "persistent-disk-0",
                            "boot_disk.0.disk_encryption_key_raw": "",
                            "boot_disk.0.disk_encryption_key_sha256": "",
                            "boot_disk.0.initialize_params.#": "1",
                            "boot_disk.0.initialize_params.0.image": "reddit-base",
                            "boot_disk.0.initialize_params.0.size": "0",
                            "boot_disk.0.initialize_params.0.type": "",
                            "boot_disk.0.source": "https://www.googleapis.com/compute/v1/projects/clever-overview-188908/zones/europe-west1-d/disks/reddit-app2",
                            "can_ip_forward": "false",
                            "cpu_platform": "Intel Haswell",
                            "create_timeout": "4",
                            "guest_accelerator.#": "0",
                            "id": "reddit-app2",
                            "instance_id": "6746589271360426351",
                            "label_fingerprint": "42WmSpB8rSM=",
                            "machine_type": "g1-small",
                            "metadata.%": "1",
                            "metadata.sshKeys": "appuser:ssh-rsa AAAAB3NzaC1yc2EAAAADAQABAAABAQDjmqfkxPJVmcuYJtktUrDYGrPSAlP8y8twdteIF+y+kOvuLT5EoRveqkyF7dvNV6ZW9/t8JHeWCLvGj8bSSo1LFAvvtLALHeAD0FPcUoKzHK1hf04Fo0oyczA8DQznrM8muQx4oDmPa9iR5nDeCAiMf54y63zT1Jg7U4+q0g03IpG8mSVkk9rDQzZD9r4KP3Rp3Jw3NWr1lM8KO6m4/4aLMLINUWrasTqBA+cXo9Ts0bW4+J7aokRyuaYxXZlcE2ulGAiyWOr8kqM7qwf34va44JZoNmtzR1yOGdyvle6/aoJNZ5LRcKZyUdEEMkn9GQAM8IPqQwanFiFSkupQKIDF appuser\n ",
                            "metadata_fingerprint": "98wlcsapCME=",
                            "min_cpu_platform": "",
                            "name": "reddit-app2",
                            "network_interface.#": "1",
                            "network_interface.0.access_config.#": "1",
                            "network_interface.0.access_config.0.assigned_nat_ip": "35.195.14.246",
                            "network_interface.0.access_config.0.nat_ip": "35.195.14.246",
                            "network_interface.0.address": "10.132.0.2",
                            "network_interface.0.alias_ip_range.#": "0",
                            "network_interface.0.name": "nic0",
                            "network_interface.0.network": "https://www.googleapis.com/compute/v1/projects/clever-overview-188908/global/networks/default",
                            "network_interface.0.network_ip": "10.132.0.2",
                            "network_interface.0.subnetwork": "https://www.googleapis.com/compute/v1/projects/clever-overview-188908/regions/europe-west1/subnetworks/default",
                            "network_interface.0.subnetwork_project": "clever-overview-188908",
                            "project": "clever-overview-188908",
                            "scheduling.#": "1",
                            "scheduling.0.automatic_restart": "true",
                            "scheduling.0.on_host_maintenance": "MIGRATE",
                            "scheduling.0.preemptible": "false",
                            "scratch_disk.#": "0",
                            "self_link": "https://www.googleapis.com/compute/v1/projects/clever-overview-188908/zones/europe-west1-d/instances/reddit-app2",
                            "service_account.#": "0",
                            "tags.#": "1",
                            "tags.677811735": "reddit-app2",
                            "tags_fingerprint": "FecsNYiwTdE=",
                            "zone": "europe-west1-d"
                        },
                        "meta": {
                            "schema_version": "6"
                        },
                        "tainted": false
                    },
                    "deposed": [],
                    "provider": "provider.google"
                },
                "google_compute_instance_group.pumaservers": {
                    "type": "google_compute_instance_group",
                    "depends_on": [
                        "google_compute_instance.app",
                        "google_compute_instance.app.1"
                    ],
                    "primary": {
                        "id": "europe-west1-d/puma-group",
                        "attributes": {
                            "description": "Terraform  instance group",
                            "id": "europe-west1-d/puma-group",
                            "instances.#": "2",
                            "instances.1228827353": "https://www.googleapis.com/compute/v1/projects/clever-overview-188908/zones/europe-west1-d/instances/reddit-app2",
                            "instances.3493280611": "https://www.googleapis.com/compute/v1/projects/clever-overview-188908/zones/europe-west1-d/instances/reddit-app1",
                            "name": "puma-group",
                            "named_port.#": "1",
                            "named_port.0.name": "http",
                            "named_port.0.port": "1883",
                            "network": "https://www.googleapis.com/compute/v1/projects/clever-overview-188908/global/networks/default",
                            "project": "clever-overview-188908",
                            "self_link": "https://www.googleapis.com/compute/v1/projects/clever-overview-188908/zones/europe-west1-d/instanceGroups/puma-group",
                            "size": "2",
                            "zone": "europe-west1-d"
                        },
                        "meta": {
                            "schema_version": "2"
                        },
                        "tainted": false
                    },
                    "deposed": [],
                    "provider": "provider.google"
                },
                "google_compute_target_tcp_proxy.default": {
                    "type": "google_compute_target_tcp_proxy",
                    "depends_on": [
                        "google_compute_backend_service.default"
                    ],
                    "primary": {
                        "id": "default",
                        "attributes": {
                            "backend_service": "https://www.googleapis.com/compute/v1/projects/clever-overview-188908/global/backendServices/default-backend",
                            "description": "test",
                            "id": "default",
                            "name": "default",
                            "project": "clever-overview-188908",
                            "proxy_header": "NONE",
                            "proxy_id": "156267757319901450",
                            "self_link": "https://www.googleapis.com/compute/v1/projects/clever-overview-188908/global/targetTcpProxies/default"
                        },
                        "meta": {},
                        "tainted": false
                    },
                    "deposed": [],
                    "provider": "provider.google"
                }
            },
            "depends_on": []
        }
    ]
}
